{
  "name": "SWC-Gymkhana-Portal",
  "lockfileVersion": 2,
  "requires": true,
  "packages": {
    "": {
      "dependencies": {
        "msalx": "^0.1.2"
      }
    },
    "node_modules/msalx": {
      "version": "0.1.2",
      "resolved": "https://registry.npmjs.org/msalx/-/msalx-0.1.2.tgz",
      "integrity": "sha512-0MtTwFvHdRRNmemSWvgqe/SoUP45N1cBiTHrwYnvPmA4skd+f5eyfDHa8dP69XD1Ow8bdNhmXfaBa7r8J9DCAg=="
    }
  },
  "dependencies": {
    "msalx": {
      "version": "0.1.2",
      "resolved": "https://registry.npmjs.org/msalx/-/msalx-0.1.2.tgz",
      "integrity": "sha512-0MtTwFvHdRRNmemSWvgqe/SoUP45N1cBiTHrwYnvPmA4skd+f5eyfDHa8dP69XD1Ow8bdNhmXfaBa7r8J9DCAg=="
    }
  }
}
